
Microsoft Visual Studio Solution File, Format Version 12.00
Project("{FAE04EC0-301F-11D3-BF4B-00C04F79EFBC}") = "Sod1-0QuickPatch", "Sod1-0QuickPatch\Sod1-0QuickPatch.csproj", "{2CDF3774-88E2-483E-A7AD-18974280754E}"
EndProject
Global
	GlobalSection(SolutionConfigurationPlatforms) = preSolution
		Debug|Any CPU = Debug|Any CPU
		Release|Any CPU = Release|Any CPU
	EndGlobalSection
	GlobalSection(ProjectConfigurationPlatforms) = postSolution
		{2CDF3774-88E2-483E-A7AD-18974280754E}.Debug|Any CPU.ActiveCfg = Debug|Any CPU
		{2CDF3774-88E2-483E-A7AD-18974280754E}.Debug|Any CPU.Build.0 = Debug|Any CPU
		{2CDF3774-88E2-483E-A7AD-18974280754E}.Release|Any CPU.ActiveCfg = Release|Any CPU
		{2CDF3774-88E2-483E-A7AD-18974280754E}.Release|Any CPU.Build.0 = Release|Any CPU
	EndGlobalSection
EndGlobal
